
Microsoft Visual Studio Solution File, Format Version 12.00
# Visual Studio Version 16
VisualStudioVersion = 16.0.31702.278
MinimumVisualStudioVersion = 10.0.40219.1
Project("{FAE04EC0-301F-11D3-BF4B-00C04F79EFBC}") = "ViralAdvertising", "ViralAdvertising\ViralAdvertising.csproj", "{FDA49926-58FE-43BB-93D3-01F67F47E5A0}"
EndProject
Global
	GlobalSection(SolutionConfigurationPlatforms) = preSolution
		Debug|Any CPU = Debug|Any CPU
		Release|Any CPU = Release|Any CPU
	EndGlobalSection
	GlobalSection(ProjectConfigurationPlatforms) = postSolution
		{FDA49926-58FE-43BB-93D3-01F67F47E5A0}.Debug|Any CPU.ActiveCfg = Debug|Any CPU
		{FDA49926-58FE-43BB-93D3-01F67F47E5A0}.Debug|Any CPU.Build.0 = Debug|Any CPU
		{FDA49926-58FE-43BB-93D3-01F67F47E5A0}.Release|Any CPU.ActiveCfg = Release|Any CPU
		{FDA49926-58FE-43BB-93D3-01F67F47E5A0}.Release|Any CPU.Build.0 = Release|Any CPU
	EndGlobalSection
	GlobalSection(SolutionProperties) = preSolution
		HideSolutionNode = FALSE
	EndGlobalSection
	GlobalSection(ExtensibilityGlobals) = postSolution
		SolutionGuid = {93E2AF72-5805-4731-B91C-940DA15C6BD3}
	EndGlobalSection
EndGlobal
