
Microsoft Visual Studio Solution File, Format Version 12.00
# Visual Studio Version 16
VisualStudioVersion = 16.0.31702.278
MinimumVisualStudioVersion = 10.0.40219.1
Project("{FAE04EC0-301F-11D3-BF4B-00C04F79EFBC}") = "BeautifulDaysAtTheMovies", "BeautifulDaysAtTheMovies\BeautifulDaysAtTheMovies.csproj", "{A3152FBE-D94E-4F62-B27D-8E4FA01C4DAF}"
EndProject
Global
	GlobalSection(SolutionConfigurationPlatforms) = preSolution
		Debug|Any CPU = Debug|Any CPU
		Release|Any CPU = Release|Any CPU
	EndGlobalSection
	GlobalSection(ProjectConfigurationPlatforms) = postSolution
		{A3152FBE-D94E-4F62-B27D-8E4FA01C4DAF}.Debug|Any CPU.ActiveCfg = Debug|Any CPU
		{A3152FBE-D94E-4F62-B27D-8E4FA01C4DAF}.Debug|Any CPU.Build.0 = Debug|Any CPU
		{A3152FBE-D94E-4F62-B27D-8E4FA01C4DAF}.Release|Any CPU.ActiveCfg = Release|Any CPU
		{A3152FBE-D94E-4F62-B27D-8E4FA01C4DAF}.Release|Any CPU.Build.0 = Release|Any CPU
	EndGlobalSection
	GlobalSection(SolutionProperties) = preSolution
		HideSolutionNode = FALSE
	EndGlobalSection
	GlobalSection(ExtensibilityGlobals) = postSolution
		SolutionGuid = {8F34629C-6B26-4BA3-8D05-8E25CC647CDC}
	EndGlobalSection
EndGlobal
