
Microsoft Visual Studio Solution File, Format Version 12.00
# Visual Studio Version 16
VisualStudioVersion = 16.0.31624.102
MinimumVisualStudioVersion = 10.0.40219.1
Project("{FAE04EC0-301F-11D3-BF4B-00C04F79EFBC}") = "UtopianTree", "UtopianTree\UtopianTree.csproj", "{B8E86B23-F5AA-4FE5-937A-2ACA2D984342}"
EndProject
Global
	GlobalSection(SolutionConfigurationPlatforms) = preSolution
		Debug|Any CPU = Debug|Any CPU
		Release|Any CPU = Release|Any CPU
	EndGlobalSection
	GlobalSection(ProjectConfigurationPlatforms) = postSolution
		{B8E86B23-F5AA-4FE5-937A-2ACA2D984342}.Debug|Any CPU.ActiveCfg = Debug|Any CPU
		{B8E86B23-F5AA-4FE5-937A-2ACA2D984342}.Debug|Any CPU.Build.0 = Debug|Any CPU
		{B8E86B23-F5AA-4FE5-937A-2ACA2D984342}.Release|Any CPU.ActiveCfg = Release|Any CPU
		{B8E86B23-F5AA-4FE5-937A-2ACA2D984342}.Release|Any CPU.Build.0 = Release|Any CPU
	EndGlobalSection
	GlobalSection(SolutionProperties) = preSolution
		HideSolutionNode = FALSE
	EndGlobalSection
	GlobalSection(ExtensibilityGlobals) = postSolution
		SolutionGuid = {647FBE00-A0BA-4A53-9596-72BD5BB341D4}
	EndGlobalSection
EndGlobal
