
Microsoft Visual Studio Solution File, Format Version 12.00
# Visual Studio Version 16
VisualStudioVersion = 16.0.31624.102
MinimumVisualStudioVersion = 10.0.40219.1
Project("{FAE04EC0-301F-11D3-BF4B-00C04F79EFBC}") = "HurdleRace", "HurdleRace\HurdleRace.csproj", "{1E7C074B-C733-4008-A9C4-5ACFC654E6E3}"
EndProject
Global
	GlobalSection(SolutionConfigurationPlatforms) = preSolution
		Debug|Any CPU = Debug|Any CPU
		Release|Any CPU = Release|Any CPU
	EndGlobalSection
	GlobalSection(ProjectConfigurationPlatforms) = postSolution
		{1E7C074B-C733-4008-A9C4-5ACFC654E6E3}.Debug|Any CPU.ActiveCfg = Debug|Any CPU
		{1E7C074B-C733-4008-A9C4-5ACFC654E6E3}.Debug|Any CPU.Build.0 = Debug|Any CPU
		{1E7C074B-C733-4008-A9C4-5ACFC654E6E3}.Release|Any CPU.ActiveCfg = Release|Any CPU
		{1E7C074B-C733-4008-A9C4-5ACFC654E6E3}.Release|Any CPU.Build.0 = Release|Any CPU
	EndGlobalSection
	GlobalSection(SolutionProperties) = preSolution
		HideSolutionNode = FALSE
	EndGlobalSection
	GlobalSection(ExtensibilityGlobals) = postSolution
		SolutionGuid = {B1900AF2-06AC-4435-B989-3E6EB6845FC9}
	EndGlobalSection
EndGlobal
